// !$*UTF8*$!
{
	archiveVersion = 1;
	classes = {
	};
	objectVersion = 46;
	objects = {

/* Begin PBXAggregateTarget section */
		8171C9614E404773BD3DD4AE /* ALL_BUILD */ = {
			isa = PBXAggregateTarget;
			buildConfigurationList = 5E8278F42B364016B73008A6 /* Build configuration list for PBXAggregateTarget "ALL_BUILD" */;
			buildPhases = (
				143979FE9B76424EA994FAC7 /* Generate CMakeFiles/ALL_BUILD */,
			);
			dependencies = (
				222B7AE6BA3A4E88AC5E4199 /* PBXTargetDependency */,
				253CA2A266454F4CB10CE0C0 /* PBXTargetDependency */,
			);
			name = ALL_BUILD;
			productName = ALL_BUILD;
		};
		BE05C4E299AA4355880ED107 /* ZERO_CHECK */ = {
			isa = PBXAggregateTarget;
			buildConfigurationList = FFCA9DA859F541C489B2A4FB /* Build configuration list for PBXAggregateTarget "ZERO_CHECK" */;
			buildPhases = (
				32C84EB76E2847CF8A5EEDC0 /* Generate CMakeFiles/ZERO_CHECK */,
			);
			dependencies = (
			);
			name = ZERO_CHECK;
			productName = ZERO_CHECK;
		};
/* End PBXAggregateTarget section */

/* Begin PBXBuildFile section */
		6E43508D2C8146F084400220 /* /Users/pw/test/libs/B/test/BTests.cpp */ = {isa = PBXBuildFile; fileRef = B58824FD1D004FA4A9F21705 /* /Users/pw/test/libs/B/test/BTests.cpp */; };
		7D83BCF355B34466906B7C1C /* /Users/pw/test/libs/B/test/CMakeLists.txt */ = {isa = PBXBuildFile; fileRef = 46E45698D2294ED6B4C5FA21 /* /Users/pw/test/libs/B/test/CMakeLists.txt */; };
/* End PBXBuildFile section */

/* Begin PBXBuildStyle section */
		62512FC52DE94EE3B2C98EB8 /* MinSizeRel */ = {
			isa = PBXBuildStyle;
			buildSettings = {
				COPY_PHASE_STRIP = NO;
			};
			name = MinSizeRel;
		};
		88B1DD501DE44CB792A30D03 /* Release */ = {
			isa = PBXBuildStyle;
			buildSettings = {
				COPY_PHASE_STRIP = NO;
			};
			name = Release;
		};
		928E0DB120AC480691835B53 /* RelWithDebInfo */ = {
			isa = PBXBuildStyle;
			buildSettings = {
				COPY_PHASE_STRIP = NO;
			};
			name = RelWithDebInfo;
		};
		BD470A85A6DA4A29AD1D0859 /* Debug */ = {
			isa = PBXBuildStyle;
			buildSettings = {
				COPY_PHASE_STRIP = NO;
			};
			name = Debug;
		};
/* End PBXBuildStyle section */

/* Begin PBXContainerItemProxy section */
		35BC1C8A9DAD417A8EC4ED1E /* PBXContainerItemProxy */ = {
			isa = PBXContainerItemProxy;
			containerPortal = 81D507CC85F445329DA47981 /* Project object */;
			proxyType = 1;
			remoteGlobalIDString = 42607E01382F4F6B9A72FFC0;
			remoteInfo = BLibraryTests;
		};
		40D80A0D8E1745D8A4AE783C /* PBXContainerItemProxy */ = {
			isa = PBXContainerItemProxy;
			containerPortal = 81D507CC85F445329DA47981 /* Project object */;
			proxyType = 1;
			remoteGlobalIDString = BE05C4E299AA4355880ED107;
			remoteInfo = ZERO_CHECK;
		};
		ED1B63D2695048CB872E1977 /* PBXContainerItemProxy */ = {
			isa = PBXContainerItemProxy;
			containerPortal = 81D507CC85F445329DA47981 /* Project object */;
			proxyType = 1;
			remoteGlobalIDString = BE05C4E299AA4355880ED107;
			remoteInfo = ZERO_CHECK;
		};
/* End PBXContainerItemProxy section */

/* Begin PBXFileReference section */
		1A6BA45D19224ADAA9F335BD /* /Users/pw/test/libs/B/test/CMakeLists.txt */ = {isa = PBXFileReference; explicitFileType = sourcecode.text; fileEncoding = 4; name = CMakeLists.txt; path = CMakeLists.txt; sourceTree = SOURCE_ROOT; };
		46E45698D2294ED6B4C5FA21 /* /Users/pw/test/libs/B/test/CMakeLists.txt */ = {isa = PBXFileReference; explicitFileType = sourcecode.text; fileEncoding = 4; name = CMakeLists.txt; path = CMakeLists.txt; sourceTree = SOURCE_ROOT; };
		B58824FD1D004FA4A9F21705 /* /Users/pw/test/libs/B/test/BTests.cpp */ = {isa = PBXFileReference; explicitFileType = sourcecode.cpp.cpp; fileEncoding = 4; name = BTests.cpp; path = BTests.cpp; sourceTree = SOURCE_ROOT; };
		D4509E2317F94F4F90A079C2 /* BLibraryTests */ = {isa = PBXFileReference; explicitFileType = "compiled.mach-o.executable"; path = BLibraryTests; sourceTree = BUILT_PRODUCTS_DIR; };
/* End PBXFileReference section */

/* Begin PBXFrameworksBuildPhase section */
		983046D45EC64BE9980DD372 /* Frameworks */ = {
			isa = PBXFrameworksBuildPhase;
			buildActionMask = 2147483647;
			files = (
			);
			runOnlyForDeploymentPostprocessing = 0;
		};
/* End PBXFrameworksBuildPhase section */

/* Begin PBXGroup section */
		6D6AD1845B39421FAF72401B /* Source Files */ = {
			isa = PBXGroup;
			children = (
				B58824FD1D004FA4A9F21705 /* /Users/pw/test/libs/B/test/BTests.cpp */,
			);
			name = "Source Files";
			sourceTree = "<group>";
		};
		9FD2FE7737C5401A8F87F984 /* BLibraryTests */ = {
			isa = PBXGroup;
			children = (
				6D6AD1845B39421FAF72401B /* Source Files */,
				46E45698D2294ED6B4C5FA21 /* /Users/pw/test/libs/B/test/CMakeLists.txt */,
			);
			name = BLibraryTests;
			sourceTree = "<group>";
		};
		A1801D51239645B79E588533 /* Products */ = {
			isa = PBXGroup;
			children = (
				D4509E2317F94F4F90A079C2 /* BLibraryTests */,
			);
			name = Products;
			sourceTree = "<group>";
		};
		A4334267FC5C4769BF897563 = {
			isa = PBXGroup;
			children = (
				9FD2FE7737C5401A8F87F984 /* BLibraryTests */,
				BE55182B139E44BF9F0927D8 /* ALL_BUILD */,
				A1801D51239645B79E588533 /* Products */,
				AC0B431B7A544D27AC016015 /* Frameworks */,
			);
			sourceTree = "<group>";
		};
		AC0B431B7A544D27AC016015 /* Frameworks */ = {
			isa = PBXGroup;
			children = (
			);
			name = Frameworks;
			sourceTree = "<group>";
		};
		BE55182B139E44BF9F0927D8 /* ALL_BUILD */ = {
			isa = PBXGroup;
			children = (
				E780A55F99F9439FA8A28F28 /* CMake Rules */,
				1A6BA45D19224ADAA9F335BD /* /Users/pw/test/libs/B/test/CMakeLists.txt */,
			);
			name = ALL_BUILD;
			sourceTree = "<group>";
		};
		E780A55F99F9439FA8A28F28 /* CMake Rules */ = {
			isa = PBXGroup;
			children = (
			);
			name = "CMake Rules";
			sourceTree = "<group>";
		};
/* End PBXGroup section */

/* Begin PBXNativeTarget section */
		42607E01382F4F6B9A72FFC0 /* BLibraryTests */ = {
			isa = PBXNativeTarget;
			buildConfigurationList = 1F8CFEB15F124841922AC598 /* Build configuration list for PBXNativeTarget "BLibraryTests" */;
			buildPhases = (
				51B2CE777AEE49878AA9232D /* Sources */,
				983046D45EC64BE9980DD372 /* Frameworks */,
			);
			buildRules = (
			);
			dependencies = (
				72A9CAFA630049E7AE59BF51 /* PBXTargetDependency */,
			);
			name = BLibraryTests;
			productName = BLibraryTests;
			productReference = D4509E2317F94F4F90A079C2 /* BLibraryTests */;
			productType = "com.apple.product-type.tool";
		};
/* End PBXNativeTarget section */

/* Begin PBXProject section */
		81D507CC85F445329DA47981 /* Project object */ = {
			isa = PBXProject;
			attributes = {
				BuildIndependentTargetsInParallel = YES;
				LastUpgradeCheck = 1220;
			};
			buildConfigurationList = 45E68529106B46DFA9F12287 /* Build configuration list for PBXProject "BLibraryTests" */;
			buildSettings = {
			};
			buildStyles = (
				BD470A85A6DA4A29AD1D0859 /* Debug */,
				88B1DD501DE44CB792A30D03 /* Release */,
				62512FC52DE94EE3B2C98EB8 /* MinSizeRel */,
				928E0DB120AC480691835B53 /* RelWithDebInfo */,
			);
			compatibilityVersion = "Xcode 3.2";
			hasScannedForEncodings = 0;
			mainGroup = A4334267FC5C4769BF897563;
			projectDirPath = .;
			projectRoot = "";
			targets = (
				8171C9614E404773BD3DD4AE /* ALL_BUILD */,
				42607E01382F4F6B9A72FFC0 /* BLibraryTests */,
				BE05C4E299AA4355880ED107 /* ZERO_CHECK */,
			);
		};
/* End PBXProject section */

/* Begin PBXShellScriptBuildPhase section */
		143979FE9B76424EA994FAC7 /* Generate CMakeFiles/ALL_BUILD */ = {
			isa = PBXShellScriptBuildPhase;
			alwaysOutOfDate = 1;
			buildActionMask = 2147483647;
			files = (
			);
			inputPaths = (
			);
			name = "Generate CMakeFiles/ALL_BUILD";
			outputPaths = (
/Users/pw/test/libs/B/test/CMakeFiles/ALL_BUILD			);
			runOnlyForDeploymentPostprocessing = 0;
			shellPath = /bin/sh;
			shellScript = "set -e
if test \"$CONFIGURATION\" = \"Debug\"; then :
  cd /Users/pw/test/libs/B/test
  echo Build\\ all\\ projects
fi
if test \"$CONFIGURATION\" = \"Release\"; then :
  cd /Users/pw/test/libs/B/test
  echo Build\\ all\\ projects
fi
if test \"$CONFIGURATION\" = \"MinSizeRel\"; then :
  cd /Users/pw/test/libs/B/test
  echo Build\\ all\\ projects
fi
if test \"$CONFIGURATION\" = \"RelWithDebInfo\"; then :
  cd /Users/pw/test/libs/B/test
  echo Build\\ all\\ projects
fi
";
			showEnvVarsInLog = 0;
		};
		32C84EB76E2847CF8A5EEDC0 /* Generate CMakeFiles/ZERO_CHECK */ = {
			isa = PBXShellScriptBuildPhase;
			alwaysOutOfDate = 1;
			buildActionMask = 2147483647;
			files = (
			);
			inputPaths = (
			);
			name = "Generate CMakeFiles/ZERO_CHECK";
			outputPaths = (
/Users/pw/test/libs/B/test/CMakeFiles/ZERO_CHECK			);
			runOnlyForDeploymentPostprocessing = 0;
			shellPath = /bin/sh;
			shellScript = "set -e
if test \"$CONFIGURATION\" = \"Debug\"; then :
  cd /Users/pw/test/libs/B/test
  make -f /Users/pw/test/libs/B/test/CMakeScripts/ReRunCMake.make
fi
if test \"$CONFIGURATION\" = \"Release\"; then :
  cd /Users/pw/test/libs/B/test
  make -f /Users/pw/test/libs/B/test/CMakeScripts/ReRunCMake.make
fi
if test \"$CONFIGURATION\" = \"MinSizeRel\"; then :
  cd /Users/pw/test/libs/B/test
  make -f /Users/pw/test/libs/B/test/CMakeScripts/ReRunCMake.make
fi
if test \"$CONFIGURATION\" = \"RelWithDebInfo\"; then :
  cd /Users/pw/test/libs/B/test
  make -f /Users/pw/test/libs/B/test/CMakeScripts/ReRunCMake.make
fi
";
			showEnvVarsInLog = 0;
		};
		6087DABDA2BF4485AF56DB39 = {
			isa = PBXShellScriptBuildPhase;
			buildActionMask = 2147483647;
			files = (
			);
			inputPaths = (
			);
			outputPaths = (
			);
			runOnlyForDeploymentPostprocessing = 0;
			shellPath = /bin/sh;
			shellScript = "# shell script goes here
exit 0";
			showEnvVarsInLog = 0;
		};
		B9544C0FE1D347B390EC9F66 = {
			isa = PBXShellScriptBuildPhase;
			buildActionMask = 2147483647;
			files = (
			);
			inputPaths = (
			);
			outputPaths = (
			);
			runOnlyForDeploymentPostprocessing = 0;
			shellPath = /bin/sh;
			shellScript = "# shell script goes here
exit 0";
			showEnvVarsInLog = 0;
		};
/* End PBXShellScriptBuildPhase section */

/* Begin PBXSourcesBuildPhase section */
		51B2CE777AEE49878AA9232D /* Sources */ = {
			isa = PBXSourcesBuildPhase;
			buildActionMask = 2147483647;
			files = (
				6E43508D2C8146F084400220 /* /Users/pw/test/libs/B/test/BTests.cpp */,
			);
			runOnlyForDeploymentPostprocessing = 0;
		};
/* End PBXSourcesBuildPhase section */

/* Begin PBXTargetDependency section */
		222B7AE6BA3A4E88AC5E4199 /* PBXTargetDependency */ = {
			isa = PBXTargetDependency;
			target = BE05C4E299AA4355880ED107 /* ZERO_CHECK */;
			targetProxy = 40D80A0D8E1745D8A4AE783C /* PBXContainerItemProxy */;
		};
		253CA2A266454F4CB10CE0C0 /* PBXTargetDependency */ = {
			isa = PBXTargetDependency;
			target = 42607E01382F4F6B9A72FFC0 /* BLibraryTests */;
			targetProxy = 35BC1C8A9DAD417A8EC4ED1E /* PBXContainerItemProxy */;
		};
		72A9CAFA630049E7AE59BF51 /* PBXTargetDependency */ = {
			isa = PBXTargetDependency;
			target = BE05C4E299AA4355880ED107 /* ZERO_CHECK */;
			targetProxy = ED1B63D2695048CB872E1977 /* PBXContainerItemProxy */;
		};
/* End PBXTargetDependency section */

/* Begin XCBuildConfiguration section */
		3927FA8C755C40CBA8C25760 /* MinSizeRel */ = {
			isa = XCBuildConfiguration;
			buildSettings = {
				COMBINE_HIDPI_IMAGES = YES;
				GCC_GENERATE_DEBUGGING_SYMBOLS = YES;
				GCC_INLINES_ARE_PRIVATE_EXTERN = NO;
				GCC_OPTIMIZATION_LEVEL = 0;
				GCC_PREPROCESSOR_DEFINITIONS = ("'CMAKE_INTDIR=\"$(CONFIGURATION)$(EFFECTIVE_PLATFORM_NAME)\"'");
				GCC_SYMBOLS_PRIVATE_EXTERN = NO;
				INSTALL_PATH = "";
				OTHER_LDFLAGS = ("");
				OTHER_REZFLAGS = "";
				PRODUCT_NAME = ALL_BUILD;
				SECTORDER_FLAGS = "";
				SYMROOT = /Users/pw/test/libs/B/test;
				USE_HEADERMAP = NO;
				WARNING_CFLAGS = ("$(inherited)");
			};
			name = MinSizeRel;
		};
		6BA04CA8C3784383B5F8634B /* Debug */ = {
			isa = XCBuildConfiguration;
			buildSettings = {
				COMBINE_HIDPI_IMAGES = YES;
				EXECUTABLE_PREFIX = "";
				EXECUTABLE_SUFFIX = "";
				FRAMEWORK_SEARCH_PATHS = ("$(inherited)");
				GCC_GENERATE_DEBUGGING_SYMBOLS = YES;
				GCC_INLINES_ARE_PRIVATE_EXTERN = NO;
				GCC_OPTIMIZATION_LEVEL = 0;
				GCC_PREPROCESSOR_DEFINITIONS = ("'CMAKE_INTDIR=\"$(CONFIGURATION)$(EFFECTIVE_PLATFORM_NAME)\"'");
				GCC_SYMBOLS_PRIVATE_EXTERN = NO;
				HEADER_SEARCH_PATHS = ("/Users/pw/test/libs/gtest-1.7.0/include","/Users/pw/test/libs/gtest-1.7.0",/Users/pw/test/libs/B/include);
				INSTALL_PATH = "";
				LIBRARY_SEARCH_PATHS = ("$(inherited)");
				OTHER_CPLUSPLUSFLAGS = "   ";
				OTHER_LDFLAGS = (" -Wl,-search_paths_first -Wl,-headerpad_max_install_names","/Users/pw/test/libs/gtest-1.7.0/Debug/libgtest.a","/Users/pw/test/libs/gtest-1.7.0/Debug/libgtest_main.a",/Users/pw/test/libs/B/Debug/libB.a,"/Users/pw/test/libs/gtest-1.7.0/Debug/libgtest.a");
				OTHER_REZFLAGS = "";
				PRODUCT_NAME = BLibraryTests;
				SECTORDER_FLAGS = "";
				SYMROOT = /Users/pw/test/libs/B/test;
				USE_HEADERMAP = NO;
				WARNING_CFLAGS = ("$(inherited)");
			};
			name = Debug;
		};
		74B9D0985C8A4442BF38ABF0 /* MinSizeRel */ = {
			isa = XCBuildConfiguration;
			buildSettings = {
				COMBINE_HIDPI_IMAGES = YES;
				GCC_GENERATE_DEBUGGING_SYMBOLS = YES;
				GCC_INLINES_ARE_PRIVATE_EXTERN = NO;
				GCC_OPTIMIZATION_LEVEL = 0;
				GCC_PREPROCESSOR_DEFINITIONS = ("'CMAKE_INTDIR=\"$(CONFIGURATION)$(EFFECTIVE_PLATFORM_NAME)\"'");
				GCC_SYMBOLS_PRIVATE_EXTERN = NO;
				INSTALL_PATH = "";
				OTHER_LDFLAGS = ("");
				OTHER_REZFLAGS = "";
				PRODUCT_NAME = ZERO_CHECK;
				SECTORDER_FLAGS = "";
				SYMROOT = /Users/pw/test/libs/B/test;
				USE_HEADERMAP = NO;
				WARNING_CFLAGS = ("$(inherited)");
			};
			name = MinSizeRel;
		};
		77A0EDC822BB43CAAB6A9711 /* RelWithDebInfo */ = {
			isa = XCBuildConfiguration;
			buildSettings = {
				COMBINE_HIDPI_IMAGES = YES;
				GCC_GENERATE_DEBUGGING_SYMBOLS = YES;
				GCC_INLINES_ARE_PRIVATE_EXTERN = NO;
				GCC_OPTIMIZATION_LEVEL = 0;
				GCC_PREPROCESSOR_DEFINITIONS = ("'CMAKE_INTDIR=\"$(CONFIGURATION)$(EFFECTIVE_PLATFORM_NAME)\"'");
				GCC_SYMBOLS_PRIVATE_EXTERN = NO;
				INSTALL_PATH = "";
				OTHER_LDFLAGS = ("");
				OTHER_REZFLAGS = "";
				PRODUCT_NAME = ALL_BUILD;
				SECTORDER_FLAGS = "";
				SYMROOT = /Users/pw/test/libs/B/test;
				USE_HEADERMAP = NO;
				WARNING_CFLAGS = ("$(inherited)");
			};
			name = RelWithDebInfo;
		};
		7B4FCDF66A694905A8C704D8 /* Release */ = {
			isa = XCBuildConfiguration;
			buildSettings = {
				COMBINE_HIDPI_IMAGES = YES;
				EXECUTABLE_PREFIX = "";
				EXECUTABLE_SUFFIX = "";
				FRAMEWORK_SEARCH_PATHS = ("$(inherited)");
				GCC_GENERATE_DEBUGGING_SYMBOLS = NO;
				GCC_INLINES_ARE_PRIVATE_EXTERN = NO;
				GCC_OPTIMIZATION_LEVEL = 3;
				GCC_PREPROCESSOR_DEFINITIONS = ("'CMAKE_INTDIR=\"$(CONFIGURATION)$(EFFECTIVE_PLATFORM_NAME)\"'");
				GCC_SYMBOLS_PRIVATE_EXTERN = NO;
				HEADER_SEARCH_PATHS = ("/Users/pw/test/libs/gtest-1.7.0/include","/Users/pw/test/libs/gtest-1.7.0",/Users/pw/test/libs/B/include);
				INSTALL_PATH = "";
				LIBRARY_SEARCH_PATHS = ("$(inherited)");
				OTHER_CPLUSPLUSFLAGS = "    -DNDEBUG ";
				OTHER_LDFLAGS = (" -Wl,-search_paths_first -Wl,-headerpad_max_install_names","/Users/pw/test/libs/gtest-1.7.0/Release/libgtest.a","/Users/pw/test/libs/gtest-1.7.0/Release/libgtest_main.a",/Users/pw/test/libs/B/Release/libB.a,"/Users/pw/test/libs/gtest-1.7.0/Release/libgtest.a");
				OTHER_REZFLAGS = "";
				PRODUCT_NAME = BLibraryTests;
				SECTORDER_FLAGS = "";
				SYMROOT = /Users/pw/test/libs/B/test;
				USE_HEADERMAP = NO;
				WARNING_CFLAGS = ("$(inherited)");
			};
			name = Release;
		};
		97A3293ADB1649CC8A9D4400 /* Debug */ = {
			isa = XCBuildConfiguration;
			buildSettings = {
				ARCHS = "$(NATIVE_ARCH_ACTUAL)";
				MACOSX_DEPLOYMENT_TARGET = 10.15;
				ONLY_ACTIVE_ARCH = YES;
				SDKROOT = /Applications/Xcode.app/Contents/Developer/Platforms/MacOSX.platform/Developer/SDKs/MacOSX11.0.sdk;
				SYMROOT = /Users/pw/test/libs/B/test/build;
			};
			name = Debug;
		};
		9C2BFC82689E45E3B353A147 /* Release */ = {
			isa = XCBuildConfiguration;
			buildSettings = {
				COMBINE_HIDPI_IMAGES = YES;
				GCC_GENERATE_DEBUGGING_SYMBOLS = YES;
				GCC_INLINES_ARE_PRIVATE_EXTERN = NO;
				GCC_OPTIMIZATION_LEVEL = 0;
				GCC_PREPROCESSOR_DEFINITIONS = ("'CMAKE_INTDIR=\"$(CONFIGURATION)$(EFFECTIVE_PLATFORM_NAME)\"'");
				GCC_SYMBOLS_PRIVATE_EXTERN = NO;
				INSTALL_PATH = "";
				OTHER_LDFLAGS = ("");
				OTHER_REZFLAGS = "";
				PRODUCT_NAME = ZERO_CHECK;
				SECTORDER_FLAGS = "";
				SYMROOT = /Users/pw/test/libs/B/test;
				USE_HEADERMAP = NO;
				WARNING_CFLAGS = ("$(inherited)");
			};
			name = Release;
		};
		A1FFF85EEE16461B8E381E5E /* MinSizeRel */ = {
			isa = XCBuildConfiguration;
			buildSettings = {
				ARCHS = "$(NATIVE_ARCH_ACTUAL)";
				MACOSX_DEPLOYMENT_TARGET = 10.15;
				ONLY_ACTIVE_ARCH = YES;
				SDKROOT = /Applications/Xcode.app/Contents/Developer/Platforms/MacOSX.platform/Developer/SDKs/MacOSX11.0.sdk;
				SYMROOT = /Users/pw/test/libs/B/test/build;
			};
			name = MinSizeRel;
		};
		A4B9794CE4654477A4688B33 /* Debug */ = {
			isa = XCBuildConfiguration;
			buildSettings = {
				COMBINE_HIDPI_IMAGES = YES;
				GCC_GENERATE_DEBUGGING_SYMBOLS = YES;
				GCC_INLINES_ARE_PRIVATE_EXTERN = NO;
				GCC_OPTIMIZATION_LEVEL = 0;
				GCC_PREPROCESSOR_DEFINITIONS = ("'CMAKE_INTDIR=\"$(CONFIGURATION)$(EFFECTIVE_PLATFORM_NAME)\"'");
				GCC_SYMBOLS_PRIVATE_EXTERN = NO;
				INSTALL_PATH = "";
				OTHER_LDFLAGS = ("");
				OTHER_REZFLAGS = "";
				PRODUCT_NAME = ZERO_CHECK;
				SECTORDER_FLAGS = "";
				SYMROOT = /Users/pw/test/libs/B/test;
				USE_HEADERMAP = NO;
				WARNING_CFLAGS = ("$(inherited)");
			};
			name = Debug;
		};
		A5441D19B35F40E588E15908 /* Release */ = {
			isa = XCBuildConfiguration;
			buildSettings = {
				ARCHS = "$(NATIVE_ARCH_ACTUAL)";
				MACOSX_DEPLOYMENT_TARGET = 10.15;
				ONLY_ACTIVE_ARCH = YES;
				SDKROOT = /Applications/Xcode.app/Contents/Developer/Platforms/MacOSX.platform/Developer/SDKs/MacOSX11.0.sdk;
				SYMROOT = /Users/pw/test/libs/B/test/build;
			};
			name = Release;
		};
		A75B4E19BB5A45408C38C545 /* Release */ = {
			isa = XCBuildConfiguration;
			buildSettings = {
				COMBINE_HIDPI_IMAGES = YES;
				GCC_GENERATE_DEBUGGING_SYMBOLS = YES;
				GCC_INLINES_ARE_PRIVATE_EXTERN = NO;
				GCC_OPTIMIZATION_LEVEL = 0;
				GCC_PREPROCESSOR_DEFINITIONS = ("'CMAKE_INTDIR=\"$(CONFIGURATION)$(EFFECTIVE_PLATFORM_NAME)\"'");
				GCC_SYMBOLS_PRIVATE_EXTERN = NO;
				INSTALL_PATH = "";
				OTHER_LDFLAGS = ("");
				OTHER_REZFLAGS = "";
				PRODUCT_NAME = ALL_BUILD;
				SECTORDER_FLAGS = "";
				SYMROOT = /Users/pw/test/libs/B/test;
				USE_HEADERMAP = NO;
				WARNING_CFLAGS = ("$(inherited)");
			};
			name = Release;
		};
		AC91FD37A9EA4545BE529737 /* RelWithDebInfo */ = {
			isa = XCBuildConfiguration;
			buildSettings = {
				ARCHS = "$(NATIVE_ARCH_ACTUAL)";
				MACOSX_DEPLOYMENT_TARGET = 10.15;
				ONLY_ACTIVE_ARCH = YES;
				SDKROOT = /Applications/Xcode.app/Contents/Developer/Platforms/MacOSX.platform/Developer/SDKs/MacOSX11.0.sdk;
				SYMROOT = /Users/pw/test/libs/B/test/build;
			};
			name = RelWithDebInfo;
		};
		D5303D9782924E63A6DEF6D0 /* RelWithDebInfo */ = {
			isa = XCBuildConfiguration;
			buildSettings = {
				COMBINE_HIDPI_IMAGES = YES;
				GCC_GENERATE_DEBUGGING_SYMBOLS = YES;
				GCC_INLINES_ARE_PRIVATE_EXTERN = NO;
				GCC_OPTIMIZATION_LEVEL = 0;
				GCC_PREPROCESSOR_DEFINITIONS = ("'CMAKE_INTDIR=\"$(CONFIGURATION)$(EFFECTIVE_PLATFORM_NAME)\"'");
				GCC_SYMBOLS_PRIVATE_EXTERN = NO;
				INSTALL_PATH = "";
				OTHER_LDFLAGS = ("");
				OTHER_REZFLAGS = "";
				PRODUCT_NAME = ZERO_CHECK;
				SECTORDER_FLAGS = "";
				SYMROOT = /Users/pw/test/libs/B/test;
				USE_HEADERMAP = NO;
				WARNING_CFLAGS = ("$(inherited)");
			};
			name = RelWithDebInfo;
		};
		E712176879A940BE8F0F7231 /* Debug */ = {
			isa = XCBuildConfiguration;
			buildSettings = {
				COMBINE_HIDPI_IMAGES = YES;
				GCC_GENERATE_DEBUGGING_SYMBOLS = YES;
				GCC_INLINES_ARE_PRIVATE_EXTERN = NO;
				GCC_OPTIMIZATION_LEVEL = 0;
				GCC_PREPROCESSOR_DEFINITIONS = ("'CMAKE_INTDIR=\"$(CONFIGURATION)$(EFFECTIVE_PLATFORM_NAME)\"'");
				GCC_SYMBOLS_PRIVATE_EXTERN = NO;
				INSTALL_PATH = "";
				OTHER_LDFLAGS = ("");
				OTHER_REZFLAGS = "";
				PRODUCT_NAME = ALL_BUILD;
				SECTORDER_FLAGS = "";
				SYMROOT = /Users/pw/test/libs/B/test;
				USE_HEADERMAP = NO;
				WARNING_CFLAGS = ("$(inherited)");
			};
			name = Debug;
		};
		F4C0DB12FB394B9EB7F14E4F /* RelWithDebInfo */ = {
			isa = XCBuildConfiguration;
			buildSettings = {
				COMBINE_HIDPI_IMAGES = YES;
				EXECUTABLE_PREFIX = "";
				EXECUTABLE_SUFFIX = "";
				FRAMEWORK_SEARCH_PATHS = ("$(inherited)");
				GCC_GENERATE_DEBUGGING_SYMBOLS = YES;
				GCC_INLINES_ARE_PRIVATE_EXTERN = NO;
				GCC_OPTIMIZATION_LEVEL = 2;
				GCC_PREPROCESSOR_DEFINITIONS = ("'CMAKE_INTDIR=\"$(CONFIGURATION)$(EFFECTIVE_PLATFORM_NAME)\"'");
				GCC_SYMBOLS_PRIVATE_EXTERN = NO;
				HEADER_SEARCH_PATHS = ("/Users/pw/test/libs/gtest-1.7.0/include","/Users/pw/test/libs/gtest-1.7.0",/Users/pw/test/libs/B/include);
				INSTALL_PATH = "";
				LIBRARY_SEARCH_PATHS = ("$(inherited)");
				OTHER_CPLUSPLUSFLAGS = "       -DNDEBUG ";
				OTHER_LDFLAGS = (" -Wl,-search_paths_first -Wl,-headerpad_max_install_names","/Users/pw/test/libs/gtest-1.7.0/RelWithDebInfo/libgtest.a","/Users/pw/test/libs/gtest-1.7.0/RelWithDebInfo/libgtest_main.a",/Users/pw/test/libs/B/RelWithDebInfo/libB.a,"/Users/pw/test/libs/gtest-1.7.0/RelWithDebInfo/libgtest.a");
				OTHER_REZFLAGS = "";
				PRODUCT_NAME = BLibraryTests;
				SECTORDER_FLAGS = "";
				SYMROOT = /Users/pw/test/libs/B/test;
				USE_HEADERMAP = NO;
				WARNING_CFLAGS = ("$(inherited)");
			};
			name = RelWithDebInfo;
		};
		F5299FF04FBB4438BBAF1C80 /* MinSizeRel */ = {
			isa = XCBuildConfiguration;
			buildSettings = {
				COMBINE_HIDPI_IMAGES = YES;
				EXECUTABLE_PREFIX = "";
				EXECUTABLE_SUFFIX = "";
				FRAMEWORK_SEARCH_PATHS = ("$(inherited)");
				GCC_GENERATE_DEBUGGING_SYMBOLS = NO;
				GCC_INLINES_ARE_PRIVATE_EXTERN = NO;
				GCC_OPTIMIZATION_LEVEL = s;
				GCC_PREPROCESSOR_DEFINITIONS = ("'CMAKE_INTDIR=\"$(CONFIGURATION)$(EFFECTIVE_PLATFORM_NAME)\"'");
				GCC_SYMBOLS_PRIVATE_EXTERN = NO;
				HEADER_SEARCH_PATHS = ("/Users/pw/test/libs/gtest-1.7.0/include","/Users/pw/test/libs/gtest-1.7.0",/Users/pw/test/libs/B/include);
				INSTALL_PATH = "";
				LIBRARY_SEARCH_PATHS = ("$(inherited)");
				OTHER_CPLUSPLUSFLAGS = "    -DNDEBUG ";
				OTHER_LDFLAGS = (" -Wl,-search_paths_first -Wl,-headerpad_max_install_names","/Users/pw/test/libs/gtest-1.7.0/MinSizeRel/libgtest.a","/Users/pw/test/libs/gtest-1.7.0/MinSizeRel/libgtest_main.a",/Users/pw/test/libs/B/MinSizeRel/libB.a,"/Users/pw/test/libs/gtest-1.7.0/MinSizeRel/libgtest.a");
				OTHER_REZFLAGS = "";
				PRODUCT_NAME = BLibraryTests;
				SECTORDER_FLAGS = "";
				SYMROOT = /Users/pw/test/libs/B/test;
				USE_HEADERMAP = NO;
				WARNING_CFLAGS = ("$(inherited)");
			};
			name = MinSizeRel;
		};
/* End XCBuildConfiguration section */

/* Begin XCConfigurationList section */
		1F8CFEB15F124841922AC598 /* Build configuration list for PBXNativeTarget "BLibraryTests" */ = {
			isa = XCConfigurationList;
			buildConfigurations = (
				6BA04CA8C3784383B5F8634B /* Debug */,
				7B4FCDF66A694905A8C704D8 /* Release */,
				F5299FF04FBB4438BBAF1C80 /* MinSizeRel */,
				F4C0DB12FB394B9EB7F14E4F /* RelWithDebInfo */,
			);
			defaultConfigurationIsVisible = 0;
			defaultConfigurationName = Debug;
		};
		45E68529106B46DFA9F12287 /* Build configuration list for PBXProject "BLibraryTests" */ = {
			isa = XCConfigurationList;
			buildConfigurations = (
				97A3293ADB1649CC8A9D4400 /* Debug */,
				A5441D19B35F40E588E15908 /* Release */,
				A1FFF85EEE16461B8E381E5E /* MinSizeRel */,
				AC91FD37A9EA4545BE529737 /* RelWithDebInfo */,
			);
			defaultConfigurationIsVisible = 0;
			defaultConfigurationName = Debug;
		};
		5E8278F42B364016B73008A6 /* Build configuration list for PBXAggregateTarget "ALL_BUILD" */ = {
			isa = XCConfigurationList;
			buildConfigurations = (
				E712176879A940BE8F0F7231 /* Debug */,
				A75B4E19BB5A45408C38C545 /* Release */,
				3927FA8C755C40CBA8C25760 /* MinSizeRel */,
				77A0EDC822BB43CAAB6A9711 /* RelWithDebInfo */,
			);
			defaultConfigurationIsVisible = 0;
			defaultConfigurationName = Debug;
		};
		FFCA9DA859F541C489B2A4FB /* Build configuration list for PBXAggregateTarget "ZERO_CHECK" */ = {
			isa = XCConfigurationList;
			buildConfigurations = (
				A4B9794CE4654477A4688B33 /* Debug */,
				9C2BFC82689E45E3B353A147 /* Release */,
				74B9D0985C8A4442BF38ABF0 /* MinSizeRel */,
				D5303D9782924E63A6DEF6D0 /* RelWithDebInfo */,
			);
			defaultConfigurationIsVisible = 0;
			defaultConfigurationName = Debug;
		};
/* End XCConfigurationList section */
	};
	rootObject = 81D507CC85F445329DA47981 /* Project object */;
}
